{
  "name": "@jrc03c/watch",
  "version": "0.0.1",
  "lockfileVersion": 2,
  "requires": true,
  "packages": {
    "": {
      "name": "@jrc03c/watch",
      "version": "0.0.1",
      "license": "ISC",
      "dependencies": {
        "@jrc03c/fs-extras": "github:jrc03c/fs-extras"
      }
    },
    "node_modules/@jrc03c/fs-extras": {
      "version": "0.0.1",
      "resolved": "git+ssh://git@github.com/jrc03c/fs-extras.git#7563e4c2b7939558e45c8df62797e73d0b3fae1b",
      "license": "ISC",
      "dependencies": {
        "@jrc03c/js-math-tools": "github:jrc03c/js-math-tools"
      }
    },
    "node_modules/@jrc03c/js-math-tools": {
      "version": "0.0.1",
      "resolved": "git+ssh://git@github.com/jrc03c/js-math-tools.git#b0c988b13dea6bae0b2696a09ae9d0f5b267188d",
      "license": "ISC"
    }
  },
  "dependencies": {
    "@jrc03c/fs-extras": {
      "version": "git+ssh://git@github.com/jrc03c/fs-extras.git#7563e4c2b7939558e45c8df62797e73d0b3fae1b",
      "from": "@jrc03c/fs-extras@https://github.com/jrc03c/fs-extras",
      "requires": {
        "@jrc03c/js-math-tools": "github:jrc03c/js-math-tools"
      }
    },
    "@jrc03c/js-math-tools": {
      "version": "git+ssh://git@github.com/jrc03c/js-math-tools.git#b0c988b13dea6bae0b2696a09ae9d0f5b267188d",
      "from": "@jrc03c/js-math-tools@github:jrc03c/js-math-tools"
    }
  }
}
